
Microsoft Visual Studio Solution File, Format Version 12.00
# Visual Studio Version 16
VisualStudioVersion = 16.0.29613.14
MinimumVisualStudioVersion = 10.0.40219.1
Project("{FAE04EC0-301F-11D3-BF4B-00C04F79EFBC}") = "DriveIn.Android", "DriveIn\DriveIn.Android\DriveIn.Android.csproj", "{C959CB98-9969-4EE6-B2AA-D1887363DE2F}"
EndProject
Project("{FAE04EC0-301F-11D3-BF4B-00C04F79EFBC}") = "DriveIn.iOS", "DriveIn\DriveIn.iOS\DriveIn.iOS.csproj", "{887CCC3C-3C6C-4E24-88CB-8E51FBA56E9B}"
EndProject
Project("{FAE04EC0-301F-11D3-BF4B-00C04F79EFBC}") = "DriveIn", "DriveIn\DriveIn\DriveIn.csproj", "{F9AD7F06-68B4-4BF4-9632-365FE78EA699}"
EndProject
Global
	GlobalSection(SolutionConfigurationPlatforms) = preSolution
		Debug|Any CPU = Debug|Any CPU
		Debug|iPhone = Debug|iPhone
		Debug|iPhoneSimulator = Debug|iPhoneSimulator
		Release|Any CPU = Release|Any CPU
		Release|iPhone = Release|iPhone
		Release|iPhoneSimulator = Release|iPhoneSimulator
	EndGlobalSection
	GlobalSection(ProjectConfigurationPlatforms) = postSolution
		{C959CB98-9969-4EE6-B2AA-D1887363DE2F}.Debug|Any CPU.ActiveCfg = Debug|Any CPU
		{C959CB98-9969-4EE6-B2AA-D1887363DE2F}.Debug|Any CPU.Build.0 = Debug|Any CPU
		{C959CB98-9969-4EE6-B2AA-D1887363DE2F}.Debug|Any CPU.Deploy.0 = Debug|Any CPU
		{C959CB98-9969-4EE6-B2AA-D1887363DE2F}.Debug|iPhone.ActiveCfg = Debug|Any CPU
		{C959CB98-9969-4EE6-B2AA-D1887363DE2F}.Debug|iPhone.Build.0 = Debug|Any CPU
		{C959CB98-9969-4EE6-B2AA-D1887363DE2F}.Debug|iPhone.Deploy.0 = Debug|Any CPU
		{C959CB98-9969-4EE6-B2AA-D1887363DE2F}.Debug|iPhoneSimulator.ActiveCfg = Debug|Any CPU
		{C959CB98-9969-4EE6-B2AA-D1887363DE2F}.Debug|iPhoneSimulator.Build.0 = Debug|Any CPU
		{C959CB98-9969-4EE6-B2AA-D1887363DE2F}.Debug|iPhoneSimulator.Deploy.0 = Debug|Any CPU
		{C959CB98-9969-4EE6-B2AA-D1887363DE2F}.Release|Any CPU.ActiveCfg = Release|Any CPU
		{C959CB98-9969-4EE6-B2AA-D1887363DE2F}.Release|Any CPU.Build.0 = Release|Any CPU
		{C959CB98-9969-4EE6-B2AA-D1887363DE2F}.Release|Any CPU.Deploy.0 = Release|Any CPU
		{C959CB98-9969-4EE6-B2AA-D1887363DE2F}.Release|iPhone.ActiveCfg = Release|Any CPU
		{C959CB98-9969-4EE6-B2AA-D1887363DE2F}.Release|iPhone.Build.0 = Release|Any CPU
		{C959CB98-9969-4EE6-B2AA-D1887363DE2F}.Release|iPhone.Deploy.0 = Release|Any CPU
		{C959CB98-9969-4EE6-B2AA-D1887363DE2F}.Release|iPhoneSimulator.ActiveCfg = Release|Any CPU
		{C959CB98-9969-4EE6-B2AA-D1887363DE2F}.Release|iPhoneSimulator.Build.0 = Release|Any CPU
		{C959CB98-9969-4EE6-B2AA-D1887363DE2F}.Release|iPhoneSimulator.Deploy.0 = Release|Any CPU
		{887CCC3C-3C6C-4E24-88CB-8E51FBA56E9B}.Debug|Any CPU.ActiveCfg = Debug|iPhoneSimulator
		{887CCC3C-3C6C-4E24-88CB-8E51FBA56E9B}.Debug|Any CPU.Build.0 = Debug|iPhoneSimulator
		{887CCC3C-3C6C-4E24-88CB-8E51FBA56E9B}.Debug|Any CPU.Deploy.0 = Debug|iPhoneSimulator
		{887CCC3C-3C6C-4E24-88CB-8E51FBA56E9B}.Debug|iPhone.ActiveCfg = Debug|iPhone
		{887CCC3C-3C6C-4E24-88CB-8E51FBA56E9B}.Debug|iPhone.Build.0 = Debug|iPhone
		{887CCC3C-3C6C-4E24-88CB-8E51FBA56E9B}.Debug|iPhone.Deploy.0 = Debug|iPhone
		{887CCC3C-3C6C-4E24-88CB-8E51FBA56E9B}.Debug|iPhoneSimulator.ActiveCfg = Debug|iPhoneSimulator
		{887CCC3C-3C6C-4E24-88CB-8E51FBA56E9B}.Debug|iPhoneSimulator.Build.0 = Debug|iPhoneSimulator
		{887CCC3C-3C6C-4E24-88CB-8E51FBA56E9B}.Debug|iPhoneSimulator.Deploy.0 = Debug|iPhoneSimulator
		{887CCC3C-3C6C-4E24-88CB-8E51FBA56E9B}.Release|Any CPU.ActiveCfg = Release|iPhone
		{887CCC3C-3C6C-4E24-88CB-8E51FBA56E9B}.Release|Any CPU.Build.0 = Release|iPhone
		{887CCC3C-3C6C-4E24-88CB-8E51FBA56E9B}.Release|Any CPU.Deploy.0 = Release|iPhone
		{887CCC3C-3C6C-4E24-88CB-8E51FBA56E9B}.Release|iPhone.ActiveCfg = Release|iPhone
		{887CCC3C-3C6C-4E24-88CB-8E51FBA56E9B}.Release|iPhone.Build.0 = Release|iPhone
		{887CCC3C-3C6C-4E24-88CB-8E51FBA56E9B}.Release|iPhone.Deploy.0 = Release|iPhone
		{887CCC3C-3C6C-4E24-88CB-8E51FBA56E9B}.Release|iPhoneSimulator.ActiveCfg = Release|iPhoneSimulator
		{887CCC3C-3C6C-4E24-88CB-8E51FBA56E9B}.Release|iPhoneSimulator.Build.0 = Release|iPhoneSimulator
		{887CCC3C-3C6C-4E24-88CB-8E51FBA56E9B}.Release|iPhoneSimulator.Deploy.0 = Release|iPhoneSimulator
		{F9AD7F06-68B4-4BF4-9632-365FE78EA699}.Debug|Any CPU.ActiveCfg = Debug|Any CPU
		{F9AD7F06-68B4-4BF4-9632-365FE78EA699}.Debug|Any CPU.Build.0 = Debug|Any CPU
		{F9AD7F06-68B4-4BF4-9632-365FE78EA699}.Debug|Any CPU.Deploy.0 = Debug|Any CPU
		{F9AD7F06-68B4-4BF4-9632-365FE78EA699}.Debug|iPhone.ActiveCfg = Debug|Any CPU
		{F9AD7F06-68B4-4BF4-9632-365FE78EA699}.Debug|iPhone.Build.0 = Debug|Any CPU
		{F9AD7F06-68B4-4BF4-9632-365FE78EA699}.Debug|iPhone.Deploy.0 = Debug|Any CPU
		{F9AD7F06-68B4-4BF4-9632-365FE78EA699}.Debug|iPhoneSimulator.ActiveCfg = Debug|Any CPU
		{F9AD7F06-68B4-4BF4-9632-365FE78EA699}.Debug|iPhoneSimulator.Build.0 = Debug|Any CPU
		{F9AD7F06-68B4-4BF4-9632-365FE78EA699}.Debug|iPhoneSimulator.Deploy.0 = Debug|Any CPU
		{F9AD7F06-68B4-4BF4-9632-365FE78EA699}.Release|Any CPU.ActiveCfg = Release|Any CPU
		{F9AD7F06-68B4-4BF4-9632-365FE78EA699}.Release|Any CPU.Build.0 = Release|Any CPU
		{F9AD7F06-68B4-4BF4-9632-365FE78EA699}.Release|Any CPU.Deploy.0 = Release|Any CPU
		{F9AD7F06-68B4-4BF4-9632-365FE78EA699}.Release|iPhone.ActiveCfg = Release|Any CPU
		{F9AD7F06-68B4-4BF4-9632-365FE78EA699}.Release|iPhone.Build.0 = Release|Any CPU
		{F9AD7F06-68B4-4BF4-9632-365FE78EA699}.Release|iPhone.Deploy.0 = Release|Any CPU
		{F9AD7F06-68B4-4BF4-9632-365FE78EA699}.Release|iPhoneSimulator.ActiveCfg = Release|Any CPU
		{F9AD7F06-68B4-4BF4-9632-365FE78EA699}.Release|iPhoneSimulator.Build.0 = Release|Any CPU
		{F9AD7F06-68B4-4BF4-9632-365FE78EA699}.Release|iPhoneSimulator.Deploy.0 = Release|Any CPU
	EndGlobalSection
	GlobalSection(SolutionProperties) = preSolution
		HideSolutionNode = FALSE
	EndGlobalSection
	GlobalSection(ExtensibilityGlobals) = postSolution
		SolutionGuid = {9E7EE3F8-C972-49E8-A07E-07CBBA7C8F93}
	EndGlobalSection
EndGlobal
